
Microsoft Visual Studio Solution File, Format Version 12.00
# Visual Studio 15
Project("{FAE04EC0-301F-11D3-BF4B-00C04F79EFBC}") = "Assembly-CSharp", "Assembly-CSharp.csproj", "{2D44386C-0AFB-4A08-0BFD-E99A79DDE4CF}"
EndProject
Global
	GlobalSection(SolutionConfigurationPlatforms) = preSolution
		Debug|Any CPU = Debug|Any CPU
		Release|Any CPU = Release|Any CPU
	EndGlobalSection
	GlobalSection(ProjectConfigurationPlatforms) = postSolution
		{2D44386C-0AFB-4A08-0BFD-E99A79DDE4CF}.Debug|Any CPU.ActiveCfg = Debug|Any CPU
		{2D44386C-0AFB-4A08-0BFD-E99A79DDE4CF}.Debug|Any CPU.Build.0 = Debug|Any CPU
		{2D44386C-0AFB-4A08-0BFD-E99A79DDE4CF}.Release|Any CPU.ActiveCfg = Release|Any CPU
		{2D44386C-0AFB-4A08-0BFD-E99A79DDE4CF}.Release|Any CPU.Build.0 = Release|Any CPU
	EndGlobalSection
	GlobalSection(SolutionProperties) = preSolution
		HideSolutionNode = FALSE
	EndGlobalSection
EndGlobal
